
Microsoft Visual Studio Solution File, Format Version 12.00
# Visual Studio 2013
VisualStudioVersion = 12.0.31101.0
MinimumVisualStudioVersion = 10.0.40219.1
Project("{FAE04EC0-301F-11D3-BF4B-00C04F79EFBC}") = "animus_builder", "animus_builder\animus_builder.csproj", "{B7819787-82CD-4183-8FA0-C40AF3ACD985}"
EndProject
Project("{FAE04EC0-301F-11D3-BF4B-00C04F79EFBC}") = "animus_builder.Gtk2", "animus_builder.Gtk2\animus_builder.Gtk2.csproj", "{D1CE0FC5-18E9-490B-B050-68E8F9A874A6}"
EndProject
Project("{FAE04EC0-301F-11D3-BF4B-00C04F79EFBC}") = "animus_builder.Gtk3", "animus_builder.Gtk3\animus_builder.Gtk3.csproj", "{95C3FDDD-0BE1-4428-9E15-27903F6E60A9}"
EndProject
Project("{FAE04EC0-301F-11D3-BF4B-00C04F79EFBC}") = "animus_builder.Wpf", "animus_builder.Wpf\animus_builder.Wpf.csproj", "{4F365A53-700F-452E-8A29-BDE685987539}"
EndProject
Project("{FAE04EC0-301F-11D3-BF4B-00C04F79EFBC}") = "animus_builder.WinForms", "animus_builder.WinForms\animus_builder.WinForms.csproj", "{44A146C0-DEDB-49ED-84A4-527B72E87DB4}"
EndProject
Project("{FAE04EC0-301F-11D3-BF4B-00C04F79EFBC}") = "animus_builder.Mac", "animus_builder.Mac\animus_builder.Mac.csproj", "{B321DD42-E3F3-4630-B2FE-946FA1958849}"
EndProject
Global
	GlobalSection(SolutionConfigurationPlatforms) = preSolution
		Debug|Any CPU = Debug|Any CPU
		Release|Any CPU = Release|Any CPU
	EndGlobalSection
	GlobalSection(ProjectConfigurationPlatforms) = postSolution
		{B7819787-82CD-4183-8FA0-C40AF3ACD985}.Debug|Any CPU.ActiveCfg = Debug|Any CPU
		{B7819787-82CD-4183-8FA0-C40AF3ACD985}.Debug|Any CPU.Build.0 = Debug|Any CPU
		{B7819787-82CD-4183-8FA0-C40AF3ACD985}.Release|Any CPU.ActiveCfg = Release|Any CPU
		{B7819787-82CD-4183-8FA0-C40AF3ACD985}.Release|Any CPU.Build.0 = Release|Any CPU
		{D1CE0FC5-18E9-490B-B050-68E8F9A874A6}.Debug|Any CPU.ActiveCfg = Debug|Any CPU
		{D1CE0FC5-18E9-490B-B050-68E8F9A874A6}.Debug|Any CPU.Build.0 = Debug|Any CPU
		{D1CE0FC5-18E9-490B-B050-68E8F9A874A6}.Release|Any CPU.ActiveCfg = Release|Any CPU
		{D1CE0FC5-18E9-490B-B050-68E8F9A874A6}.Release|Any CPU.Build.0 = Release|Any CPU
		{95C3FDDD-0BE1-4428-9E15-27903F6E60A9}.Debug|Any CPU.ActiveCfg = Debug|Any CPU
		{95C3FDDD-0BE1-4428-9E15-27903F6E60A9}.Debug|Any CPU.Build.0 = Debug|Any CPU
		{95C3FDDD-0BE1-4428-9E15-27903F6E60A9}.Release|Any CPU.ActiveCfg = Release|Any CPU
		{95C3FDDD-0BE1-4428-9E15-27903F6E60A9}.Release|Any CPU.Build.0 = Release|Any CPU
		{4F365A53-700F-452E-8A29-BDE685987539}.Debug|Any CPU.ActiveCfg = Debug|Any CPU
		{4F365A53-700F-452E-8A29-BDE685987539}.Debug|Any CPU.Build.0 = Debug|Any CPU
		{4F365A53-700F-452E-8A29-BDE685987539}.Release|Any CPU.ActiveCfg = Release|Any CPU
		{4F365A53-700F-452E-8A29-BDE685987539}.Release|Any CPU.Build.0 = Release|Any CPU
		{44A146C0-DEDB-49ED-84A4-527B72E87DB4}.Debug|Any CPU.ActiveCfg = Debug|Any CPU
		{44A146C0-DEDB-49ED-84A4-527B72E87DB4}.Debug|Any CPU.Build.0 = Debug|Any CPU
		{44A146C0-DEDB-49ED-84A4-527B72E87DB4}.Release|Any CPU.ActiveCfg = Release|Any CPU
		{44A146C0-DEDB-49ED-84A4-527B72E87DB4}.Release|Any CPU.Build.0 = Release|Any CPU
		{B321DD42-E3F3-4630-B2FE-946FA1958849}.Debug|Any CPU.ActiveCfg = Debug|Any CPU
		{B321DD42-E3F3-4630-B2FE-946FA1958849}.Debug|Any CPU.Build.0 = Debug|Any CPU
		{B321DD42-E3F3-4630-B2FE-946FA1958849}.Release|Any CPU.ActiveCfg = Release|Any CPU
		{B321DD42-E3F3-4630-B2FE-946FA1958849}.Release|Any CPU.Build.0 = Release|Any CPU
	EndGlobalSection
	GlobalSection(SolutionProperties) = preSolution
		HideSolutionNode = FALSE
	EndGlobalSection
EndGlobal
