
Microsoft Visual Studio Solution File, Format Version 12.00
# Visual Studio 15
VisualStudioVersion = 15.0.26730.16
MinimumVisualStudioVersion = 10.0.40219.1
Project("{8BC9CEB8-8B4A-11D0-8D11-00A0C91BC942}") = "test", "test\test.vcxproj", "{AB9384B2-5E18-4AAA-A8E4-983E090384A7}"
EndProject
Global
	GlobalSection(SolutionConfigurationPlatforms) = preSolution
		Debug|VisualGDB = Debug|VisualGDB
		Release|VisualGDB = Release|VisualGDB
	EndGlobalSection
	GlobalSection(ProjectConfigurationPlatforms) = postSolution
		{AB9384B2-5E18-4AAA-A8E4-983E090384A7}.Debug|VisualGDB.ActiveCfg = Debug|VisualGDB
		{AB9384B2-5E18-4AAA-A8E4-983E090384A7}.Debug|VisualGDB.Build.0 = Debug|VisualGDB
		{AB9384B2-5E18-4AAA-A8E4-983E090384A7}.Release|VisualGDB.ActiveCfg = Release|VisualGDB
		{AB9384B2-5E18-4AAA-A8E4-983E090384A7}.Release|VisualGDB.Build.0 = Release|VisualGDB
	EndGlobalSection
	GlobalSection(SolutionProperties) = preSolution
		HideSolutionNode = FALSE
	EndGlobalSection
	GlobalSection(ExtensibilityGlobals) = postSolution
		SolutionGuid = {75812A70-1460-4926-803F-954D13EED6BD}
	EndGlobalSection
EndGlobal
